// !$*UTF8*$!
{
	archiveVersion = 1;
	classes = {
	};
	objectVersion = 77;
	objects = {

/* Begin PBXBuildFile section */
		034EE3673DAEB4711B5B07BA /* KaleidoscopeParameters.swift in Sources */ = {isa = PBXBuildFile; fileRef = F104140FCD56ACEE96CBBF65 /* KaleidoscopeParameters.swift */; };
		0F58BE6220A48DC8C465532D /* KaleidoscopeVideoExporter.swift in Sources */ = {isa = PBXBuildFile; fileRef = 9F9A4078225EBCF8BBD539A3 /* KaleidoscopeVideoExporter.swift */; };
		0F8FD169264FD01FC874054B /* SeededGenerator.swift in Sources */ = {isa = PBXBuildFile; fileRef = 1EF86689186C6913CF05B786 /* SeededGenerator.swift */; };
		143C487817303E843191F386 /* DailyActivityData.swift in Sources */ = {isa = PBXBuildFile; fileRef = E1B4B672EBB17A9EE9C7A23F /* DailyActivityData.swift */; };
		1484809CF3DF25DF724EAD3C /* KaleidoscopeShapeGenerator.swift in Sources */ = {isa = PBXBuildFile; fileRef = 6CBA2BDC4AF819F6ED8BF142 /* KaleidoscopeShapeGenerator.swift */; };
		15C9B8D250A22A253149B4F4 /* HottokeApp.swift in Sources */ = {isa = PBXBuildFile; fileRef = 25481EBBC1B9F25DC4AADDBA /* HottokeApp.swift */; };
		203659F09B8187B067AC1C15 /* KaleidoscopePalette.swift in Sources */ = {isa = PBXBuildFile; fileRef = 07D8FC6C203F5E542B3D7C10 /* KaleidoscopePalette.swift */; };
		2925F86BF58B2824F09F87A5 /* PhotoLibrarySaver.swift in Sources */ = {isa = PBXBuildFile; fileRef = 588C2E0E9873223419F76C84 /* PhotoLibrarySaver.swift */; };
		34CDCEF65A478C5FF4220CAD /* RootTabView.swift in Sources */ = {isa = PBXBuildFile; fileRef = 90AD8A2DAFB533C4C4C440EF /* RootTabView.swift */; };
		49B2D3F78A6C8654BECDDEBF /* GlassShard.swift in Sources */ = {isa = PBXBuildFile; fileRef = 58A98E674A301DE5E3DC44D4 /* GlassShard.swift */; };
		685338E60C8C99E257F76327 /* TodayPatternStore.swift in Sources */ = {isa = PBXBuildFile; fileRef = 146C08485138A55C08971E68 /* TodayPatternStore.swift */; };
		6977DEAF0A5C68729336B5E7 /* ActivityDataService.swift in Sources */ = {isa = PBXBuildFile; fileRef = 0DB0F57EF8D6CF642042DFE0 /* ActivityDataService.swift */; };
		71818EDF9E18A51E20E94AF7 /* KaleidoscopeTimeline.swift in Sources */ = {isa = PBXBuildFile; fileRef = 454E3E490F13B82A5BA26920 /* KaleidoscopeTimeline.swift */; };
		721D7FFA202324B9B8375C0B /* TimeOfDay.swift in Sources */ = {isa = PBXBuildFile; fileRef = 75A9F5C9C868F92730497A1A /* TimeOfDay.swift */; };
		8057CEED4BDEE521B444BA03 /* KaleidoscopeLogicTests.swift in Sources */ = {isa = PBXBuildFile; fileRef = 2AA99EE3DA73FAA7D360B3D5 /* KaleidoscopeLogicTests.swift */; };
		AA811FF3672F31DE9D3C867A /* TodayView.swift in Sources */ = {isa = PBXBuildFile; fileRef = E3612CECAD3713242D5C513E /* TodayView.swift */; };
		AB35FCBBBFAABF28D3FD2AA8 /* MotionInputService.swift in Sources */ = {isa = PBXBuildFile; fileRef = F1A5938A07E80761EBF73C65 /* MotionInputService.swift */; };
		D314E9D4FF2970794518AB78 /* KaleidoscopeRenderer.swift in Sources */ = {isa = PBXBuildFile; fileRef = E95B3AB0EFEC6B9A19E4AE5D /* KaleidoscopeRenderer.swift */; };
		EAACCC444A4B024DD349E524 /* KaleidoscopeCanvasView.swift in Sources */ = {isa = PBXBuildFile; fileRef = 58B9BCEED254167D155693B4 /* KaleidoscopeCanvasView.swift */; };
		EC832A9FB0DA49B49B741E99 /* PatternStyle.swift in Sources */ = {isa = PBXBuildFile; fileRef = C44D56317BE946A98D1C24D2 /* PatternStyle.swift */; };
		3B423E837F22410BA57CF705 /* KaleidoscopeDynamics.swift in Sources */ = {isa = PBXBuildFile; fileRef = 4A580E5307EC4A72B78FD1FA /* KaleidoscopeDynamics.swift */; };
		EBF98289185B82133A47DADE /* SettingsView.swift in Sources */ = {isa = PBXBuildFile; fileRef = 74CE520F1F8CDE85DCBC7898 /* SettingsView.swift */; };
		ECEAFB9434A38B13A0F0D7C2 /* ManualModeView.swift in Sources */ = {isa = PBXBuildFile; fileRef = EDC042EFAB3D4223CFCAAD78 /* ManualModeView.swift */; };
		EFEC64F14FDA0497CD9DDF59 /* ActivityKind.swift in Sources */ = {isa = PBXBuildFile; fileRef = DC00F62B21241D9A2A0306F1 /* ActivityKind.swift */; };
		111C9AE217BF4BE4A2B4F84D /* ArchivePatternStore.swift in Sources */ = {isa = PBXBuildFile; fileRef = A90B92C3943443C39AABE417 /* ArchivePatternStore.swift */; };
		801EF1D1BE434AAB8EEA3681 /* CalendarArchiveView.swift in Sources */ = {isa = PBXBuildFile; fileRef = 06A297883B13424F98F0C96A /* CalendarArchiveView.swift */; };
		08758125F5E84F299B2B3460 /* ArchiveDayDetailView.swift in Sources */ = {isa = PBXBuildFile; fileRef = 5453617E3CDD4AF9A322CEFD /* ArchiveDayDetailView.swift */; };
		E694B2C1F0134AC5B192234D /* DailyRingLayout.swift in Sources */ = {isa = PBXBuildFile; fileRef = 8018C9C258744094A63C9517 /* DailyRingLayout.swift */; };
		8C077A57AC634DC6804CE45C /* DailyRingRenderer.swift in Sources */ = {isa = PBXBuildFile; fileRef = 20D936DF7BC040498212BA24 /* DailyRingRenderer.swift */; };
		4C91C7EB2C1147C0B5B6C32C /* DailyRingView.swift in Sources */ = {isa = PBXBuildFile; fileRef = D2045706773D4DB9ACD520A0 /* DailyRingView.swift */; };
		A5CBE56FAA14403E9FA0D73C /* DailyRingLayoutTests.swift in Sources */ = {isa = PBXBuildFile; fileRef = 3EC0B3A2464A43FA8CF75F7E /* DailyRingLayoutTests.swift */; };
		B3FC32C490CE496DA98F4F4C /* SleepEstimator.swift in Sources */ = {isa = PBXBuildFile; fileRef = E0E1B0C6AD5B48ECB76ECC19 /* SleepEstimator.swift */; };
		7B8C8D855AD34E52A530C70E /* SleepEstimatorTests.swift in Sources */ = {isa = PBXBuildFile; fileRef = 18BAF00AAECE4DDB9B2AEB22 /* SleepEstimatorTests.swift */; };
		519630146B694AA584EABC75 /* DailyHistoryStore.swift in Sources */ = {isa = PBXBuildFile; fileRef = 2CC25E0662274AEC898BDDF8 /* DailyHistoryStore.swift */; };
		ED41E35342C54ACBB6DFE9C2 /* RingThumbnailStore.swift in Sources */ = {isa = PBXBuildFile; fileRef = BFBF480B92DB438A8EF4C0D9 /* RingThumbnailStore.swift */; };
		3B32EB050C644FA59E4B5245 /* DailyHistoryTests.swift in Sources */ = {isa = PBXBuildFile; fileRef = 92B755D1C99B45D9ABCC151A /* DailyHistoryTests.swift */; };
		96FE52D1B7A14AC39CB96665 /* ProAccess.swift in Sources */ = {isa = PBXBuildFile; fileRef = 264249045E7B4D4E941EAAFC /* ProAccess.swift */; };
		1BBBE5ED557842A0A0DEC89B /* PeriodReport.swift in Sources */ = {isa = PBXBuildFile; fileRef = 64437B4E550840B8A4602756 /* PeriodReport.swift */; };
		E8CCA3EEBF8447218D1A7E6F /* ReportRenderer.swift in Sources */ = {isa = PBXBuildFile; fileRef = 2235952C6638454398CD9CE0 /* ReportRenderer.swift */; };
		F7583A6B8C184698AE3A1DE7 /* ReportView.swift in Sources */ = {isa = PBXBuildFile; fileRef = 03F6D6FBED744636BB014197 /* ReportView.swift */; };
		E76B1FF65A93457087324088 /* ProModeTests.swift in Sources */ = {isa = PBXBuildFile; fileRef = 2C78E3F6A54243D08C60805E /* ProModeTests.swift */; };
		1AE3E41B57E74DCBBAC9CD1F /* RingArtStyle.swift in Sources */ = {isa = PBXBuildFile; fileRef = 90860A2AED334A0CBA88A3F5 /* RingArtStyle.swift */; };
		B7AB2CF948D742DFBBAD7F92 /* RingEpisode.swift in Sources */ = {isa = PBXBuildFile; fileRef = 26444AE8BE93444A9DAD27F1 /* RingEpisode.swift */; };
		DF5DB3B3DE8342F28EA2030C /* RingArtRenderer.swift in Sources */ = {isa = PBXBuildFile; fileRef = 4AB2902AF1C74FC99618034F /* RingArtRenderer.swift */; };
		CB5F1DD8ECA468EA8BDA02B1 /* ActivityDataServiceTests.swift in Sources */ = {isa = PBXBuildFile; fileRef = 5E2FA2F60F515D20A7A6145D /* ActivityDataServiceTests.swift */; };
		77C1BB5B2D6A117218D96AB8 /* Assets.xcassets in Resources */ = {isa = PBXBuildFile; fileRef = 9E737C6EC4BCDAEB14BC50A3 /* Assets.xcassets */; };
		9634CF6AD0FAA41F89E15387 /* DiaryNote.swift in Sources */ = {isa = PBXBuildFile; fileRef = 079FC66CBD963238ED2F7A04 /* DiaryNote.swift */; };
		29B21896F713D6C8CC854342 /* DiaryNoteStore.swift in Sources */ = {isa = PBXBuildFile; fileRef = A0215C07E236D176F80E9E47 /* DiaryNoteStore.swift */; };
		ADD4A8222FB59CAC0D019FC2 /* EmojiPickerSheet.swift in Sources */ = {isa = PBXBuildFile; fileRef = 56BA9839DC55FDBA3CA974B9 /* EmojiPickerSheet.swift */; };
		8A06800F65610A38040BEF57 /* DiaryNoteStoreTests.swift in Sources */ = {isa = PBXBuildFile; fileRef = E1B20C2EFC0BBA97E48BEDF3 /* DiaryNoteStoreTests.swift */; };
		9AAF73C1FDF40EA63B99D7FE /* AutoDiarySettings.swift in Sources */ = {isa = PBXBuildFile; fileRef = 2E69F29F6681EA291C517837 /* AutoDiarySettings.swift */; };
		9043B4D50C44897B827D88F8 /* LocationDiary.swift in Sources */ = {isa = PBXBuildFile; fileRef = FD5A221DFF7EC86377DFDDB9 /* LocationDiary.swift */; };
		2E9FD4581E7341A0390B0B60 /* LocationVisitStore.swift in Sources */ = {isa = PBXBuildFile; fileRef = D510CF24B277F0F1A6C173C0 /* LocationVisitStore.swift */; };
		142EC51850CE333D6A49D861 /* LocationDiaryService.swift in Sources */ = {isa = PBXBuildFile; fileRef = A63BA9E534F7444DFE27623E /* LocationDiaryService.swift */; };
		587E3CE1A42074543A00F04A /* DiaryPhotoService.swift in Sources */ = {isa = PBXBuildFile; fileRef = 461ABF9D5FEB90812A47970C /* DiaryPhotoService.swift */; };
		F22116F492081AB9B939517D /* DiaryPhotoStrip.swift in Sources */ = {isa = PBXBuildFile; fileRef = C8809A28480A03C58F385D92 /* DiaryPhotoStrip.swift */; };
		5103F3D63E9A75ECBE3F17E7 /* LocationDiaryTests.swift in Sources */ = {isa = PBXBuildFile; fileRef = 744E428AB79EADAAD0ED4D5F /* LocationDiaryTests.swift */; };
		87E328F3F7203B937890483F /* DiaryPhotoServiceTests.swift in Sources */ = {isa = PBXBuildFile; fileRef = A8293CA407F7B7E70359FBB0 /* DiaryPhotoServiceTests.swift */; };
/* End PBXBuildFile section */

/* Begin PBXContainerItemProxy section */
		A5E2F13C7DBF63B34FD33390 /* PBXContainerItemProxy */ = {
			isa = PBXContainerItemProxy;
			containerPortal = 428C8E2B09E0AE00A226B35B /* Project object */;
			proxyType = 1;
			remoteGlobalIDString = BF5C8C4F34CB03F66E7A95B2;
			remoteInfo = HottokeApp;
		};
/* End PBXContainerItemProxy section */

/* Begin PBXFileReference section */
		07D8FC6C203F5E542B3D7C10 /* KaleidoscopePalette.swift */ = {isa = PBXFileReference; lastKnownFileType = sourcecode.swift; path = KaleidoscopePalette.swift; sourceTree = "<group>"; };
		0DB0F57EF8D6CF642042DFE0 /* ActivityDataService.swift */ = {isa = PBXFileReference; lastKnownFileType = sourcecode.swift; path = ActivityDataService.swift; sourceTree = "<group>"; };
		146C08485138A55C08971E68 /* TodayPatternStore.swift */ = {isa = PBXFileReference; lastKnownFileType = sourcecode.swift; path = TodayPatternStore.swift; sourceTree = "<group>"; };
		17AF89D775FEE4E2BBD749D4 /* HottokeApp.app */ = {isa = PBXFileReference; includeInIndex = 0; lastKnownFileType = wrapper.application; path = HottokeApp.app; sourceTree = BUILT_PRODUCTS_DIR; };
		1EF86689186C6913CF05B786 /* SeededGenerator.swift */ = {isa = PBXFileReference; lastKnownFileType = sourcecode.swift; path = SeededGenerator.swift; sourceTree = "<group>"; };
		25481EBBC1B9F25DC4AADDBA /* HottokeApp.swift */ = {isa = PBXFileReference; lastKnownFileType = sourcecode.swift; path = HottokeApp.swift; sourceTree = "<group>"; };
		2AA99EE3DA73FAA7D360B3D5 /* KaleidoscopeLogicTests.swift */ = {isa = PBXFileReference; lastKnownFileType = sourcecode.swift; path = KaleidoscopeLogicTests.swift; sourceTree = "<group>"; };
		454E3E490F13B82A5BA26920 /* KaleidoscopeTimeline.swift */ = {isa = PBXFileReference; lastKnownFileType = sourcecode.swift; path = KaleidoscopeTimeline.swift; sourceTree = "<group>"; };
		5729294C1B12BB9B8A0C43FC /* HottokeAppTests.xctest */ = {isa = PBXFileReference; includeInIndex = 0; lastKnownFileType = wrapper.cfbundle; path = HottokeAppTests.xctest; sourceTree = BUILT_PRODUCTS_DIR; };
		588C2E0E9873223419F76C84 /* PhotoLibrarySaver.swift */ = {isa = PBXFileReference; lastKnownFileType = sourcecode.swift; path = PhotoLibrarySaver.swift; sourceTree = "<group>"; };
		58A98E674A301DE5E3DC44D4 /* GlassShard.swift */ = {isa = PBXFileReference; lastKnownFileType = sourcecode.swift; path = GlassShard.swift; sourceTree = "<group>"; };
		58B9BCEED254167D155693B4 /* KaleidoscopeCanvasView.swift */ = {isa = PBXFileReference; lastKnownFileType = sourcecode.swift; path = KaleidoscopeCanvasView.swift; sourceTree = "<group>"; };
		6CBA2BDC4AF819F6ED8BF142 /* KaleidoscopeShapeGenerator.swift */ = {isa = PBXFileReference; lastKnownFileType = sourcecode.swift; path = KaleidoscopeShapeGenerator.swift; sourceTree = "<group>"; };
		74CE520F1F8CDE85DCBC7898 /* SettingsView.swift */ = {isa = PBXFileReference; lastKnownFileType = sourcecode.swift; path = SettingsView.swift; sourceTree = "<group>"; };
		75A9F5C9C868F92730497A1A /* TimeOfDay.swift */ = {isa = PBXFileReference; lastKnownFileType = sourcecode.swift; path = TimeOfDay.swift; sourceTree = "<group>"; };
		90AD8A2DAFB533C4C4C440EF /* RootTabView.swift */ = {isa = PBXFileReference; lastKnownFileType = sourcecode.swift; path = RootTabView.swift; sourceTree = "<group>"; };
		9F9A4078225EBCF8BBD539A3 /* KaleidoscopeVideoExporter.swift */ = {isa = PBXFileReference; lastKnownFileType = sourcecode.swift; path = KaleidoscopeVideoExporter.swift; sourceTree = "<group>"; };
		DC00F62B21241D9A2A0306F1 /* ActivityKind.swift */ = {isa = PBXFileReference; lastKnownFileType = sourcecode.swift; path = ActivityKind.swift; sourceTree = "<group>"; };
		DCB3FDEDAA6B6156232BF1AB /* Info.plist */ = {isa = PBXFileReference; lastKnownFileType = text.plist; path = Info.plist; sourceTree = "<group>"; };
		E1B4B672EBB17A9EE9C7A23F /* DailyActivityData.swift */ = {isa = PBXFileReference; lastKnownFileType = sourcecode.swift; path = DailyActivityData.swift; sourceTree = "<group>"; };
		E3612CECAD3713242D5C513E /* TodayView.swift */ = {isa = PBXFileReference; lastKnownFileType = sourcecode.swift; path = TodayView.swift; sourceTree = "<group>"; };
		E95B3AB0EFEC6B9A19E4AE5D /* KaleidoscopeRenderer.swift */ = {isa = PBXFileReference; lastKnownFileType = sourcecode.swift; path = KaleidoscopeRenderer.swift; sourceTree = "<group>"; };
		EDC042EFAB3D4223CFCAAD78 /* ManualModeView.swift */ = {isa = PBXFileReference; lastKnownFileType = sourcecode.swift; path = ManualModeView.swift; sourceTree = "<group>"; };
		F104140FCD56ACEE96CBBF65 /* KaleidoscopeParameters.swift */ = {isa = PBXFileReference; lastKnownFileType = sourcecode.swift; path = KaleidoscopeParameters.swift; sourceTree = "<group>"; };
		F1A5938A07E80761EBF73C65 /* MotionInputService.swift */ = {isa = PBXFileReference; lastKnownFileType = sourcecode.swift; path = MotionInputService.swift; sourceTree = "<group>"; };
		C44D56317BE946A98D1C24D2 /* PatternStyle.swift */ = {isa = PBXFileReference; lastKnownFileType = sourcecode.swift; path = PatternStyle.swift; sourceTree = "<group>"; };
		4A580E5307EC4A72B78FD1FA /* KaleidoscopeDynamics.swift */ = {isa = PBXFileReference; lastKnownFileType = sourcecode.swift; path = KaleidoscopeDynamics.swift; sourceTree = "<group>"; };
		A90B92C3943443C39AABE417 /* ArchivePatternStore.swift */ = {isa = PBXFileReference; lastKnownFileType = sourcecode.swift; path = ArchivePatternStore.swift; sourceTree = "<group>"; };
		06A297883B13424F98F0C96A /* CalendarArchiveView.swift */ = {isa = PBXFileReference; lastKnownFileType = sourcecode.swift; path = CalendarArchiveView.swift; sourceTree = "<group>"; };
		5453617E3CDD4AF9A322CEFD /* ArchiveDayDetailView.swift */ = {isa = PBXFileReference; lastKnownFileType = sourcecode.swift; path = ArchiveDayDetailView.swift; sourceTree = "<group>"; };
		8018C9C258744094A63C9517 /* DailyRingLayout.swift */ = {isa = PBXFileReference; lastKnownFileType = sourcecode.swift; path = DailyRingLayout.swift; sourceTree = "<group>"; };
		20D936DF7BC040498212BA24 /* DailyRingRenderer.swift */ = {isa = PBXFileReference; lastKnownFileType = sourcecode.swift; path = DailyRingRenderer.swift; sourceTree = "<group>"; };
		D2045706773D4DB9ACD520A0 /* DailyRingView.swift */ = {isa = PBXFileReference; lastKnownFileType = sourcecode.swift; path = DailyRingView.swift; sourceTree = "<group>"; };
		3EC0B3A2464A43FA8CF75F7E /* DailyRingLayoutTests.swift */ = {isa = PBXFileReference; lastKnownFileType = sourcecode.swift; path = DailyRingLayoutTests.swift; sourceTree = "<group>"; };
		E0E1B0C6AD5B48ECB76ECC19 /* SleepEstimator.swift */ = {isa = PBXFileReference; lastKnownFileType = sourcecode.swift; path = SleepEstimator.swift; sourceTree = "<group>"; };
		18BAF00AAECE4DDB9B2AEB22 /* SleepEstimatorTests.swift */ = {isa = PBXFileReference; lastKnownFileType = sourcecode.swift; path = SleepEstimatorTests.swift; sourceTree = "<group>"; };
		2CC25E0662274AEC898BDDF8 /* DailyHistoryStore.swift */ = {isa = PBXFileReference; lastKnownFileType = sourcecode.swift; path = DailyHistoryStore.swift; sourceTree = "<group>"; };
		BFBF480B92DB438A8EF4C0D9 /* RingThumbnailStore.swift */ = {isa = PBXFileReference; lastKnownFileType = sourcecode.swift; path = RingThumbnailStore.swift; sourceTree = "<group>"; };
		92B755D1C99B45D9ABCC151A /* DailyHistoryTests.swift */ = {isa = PBXFileReference; lastKnownFileType = sourcecode.swift; path = DailyHistoryTests.swift; sourceTree = "<group>"; };
		264249045E7B4D4E941EAAFC /* ProAccess.swift */ = {isa = PBXFileReference; lastKnownFileType = sourcecode.swift; path = ProAccess.swift; sourceTree = "<group>"; };
		64437B4E550840B8A4602756 /* PeriodReport.swift */ = {isa = PBXFileReference; lastKnownFileType = sourcecode.swift; path = PeriodReport.swift; sourceTree = "<group>"; };
		2235952C6638454398CD9CE0 /* ReportRenderer.swift */ = {isa = PBXFileReference; lastKnownFileType = sourcecode.swift; path = ReportRenderer.swift; sourceTree = "<group>"; };
		03F6D6FBED744636BB014197 /* ReportView.swift */ = {isa = PBXFileReference; lastKnownFileType = sourcecode.swift; path = ReportView.swift; sourceTree = "<group>"; };
		2C78E3F6A54243D08C60805E /* ProModeTests.swift */ = {isa = PBXFileReference; lastKnownFileType = sourcecode.swift; path = ProModeTests.swift; sourceTree = "<group>"; };
		90860A2AED334A0CBA88A3F5 /* RingArtStyle.swift */ = {isa = PBXFileReference; lastKnownFileType = sourcecode.swift; path = RingArtStyle.swift; sourceTree = "<group>"; };
		26444AE8BE93444A9DAD27F1 /* RingEpisode.swift */ = {isa = PBXFileReference; lastKnownFileType = sourcecode.swift; path = RingEpisode.swift; sourceTree = "<group>"; };
		4AB2902AF1C74FC99618034F /* RingArtRenderer.swift */ = {isa = PBXFileReference; lastKnownFileType = sourcecode.swift; path = RingArtRenderer.swift; sourceTree = "<group>"; };
		5E2FA2F60F515D20A7A6145D /* ActivityDataServiceTests.swift */ = {isa = PBXFileReference; lastKnownFileType = sourcecode.swift; path = ActivityDataServiceTests.swift; sourceTree = "<group>"; };
		9E737C6EC4BCDAEB14BC50A3 /* Assets.xcassets */ = {isa = PBXFileReference; lastKnownFileType = folder.assetcatalog; path = Assets.xcassets; sourceTree = "<group>"; };
		079FC66CBD963238ED2F7A04 /* DiaryNote.swift */ = {isa = PBXFileReference; lastKnownFileType = sourcecode.swift; path = DiaryNote.swift; sourceTree = "<group>"; };
		A0215C07E236D176F80E9E47 /* DiaryNoteStore.swift */ = {isa = PBXFileReference; lastKnownFileType = sourcecode.swift; path = DiaryNoteStore.swift; sourceTree = "<group>"; };
		56BA9839DC55FDBA3CA974B9 /* EmojiPickerSheet.swift */ = {isa = PBXFileReference; lastKnownFileType = sourcecode.swift; path = EmojiPickerSheet.swift; sourceTree = "<group>"; };
		E1B20C2EFC0BBA97E48BEDF3 /* DiaryNoteStoreTests.swift */ = {isa = PBXFileReference; lastKnownFileType = sourcecode.swift; path = DiaryNoteStoreTests.swift; sourceTree = "<group>"; };
		2E69F29F6681EA291C517837 /* AutoDiarySettings.swift */ = {isa = PBXFileReference; lastKnownFileType = sourcecode.swift; path = AutoDiarySettings.swift; sourceTree = "<group>"; };
		FD5A221DFF7EC86377DFDDB9 /* LocationDiary.swift */ = {isa = PBXFileReference; lastKnownFileType = sourcecode.swift; path = LocationDiary.swift; sourceTree = "<group>"; };
		D510CF24B277F0F1A6C173C0 /* LocationVisitStore.swift */ = {isa = PBXFileReference; lastKnownFileType = sourcecode.swift; path = LocationVisitStore.swift; sourceTree = "<group>"; };
		A63BA9E534F7444DFE27623E /* LocationDiaryService.swift */ = {isa = PBXFileReference; lastKnownFileType = sourcecode.swift; path = LocationDiaryService.swift; sourceTree = "<group>"; };
		461ABF9D5FEB90812A47970C /* DiaryPhotoService.swift */ = {isa = PBXFileReference; lastKnownFileType = sourcecode.swift; path = DiaryPhotoService.swift; sourceTree = "<group>"; };
		C8809A28480A03C58F385D92 /* DiaryPhotoStrip.swift */ = {isa = PBXFileReference; lastKnownFileType = sourcecode.swift; path = DiaryPhotoStrip.swift; sourceTree = "<group>"; };
		744E428AB79EADAAD0ED4D5F /* LocationDiaryTests.swift */ = {isa = PBXFileReference; lastKnownFileType = sourcecode.swift; path = LocationDiaryTests.swift; sourceTree = "<group>"; };
		A8293CA407F7B7E70359FBB0 /* DiaryPhotoServiceTests.swift */ = {isa = PBXFileReference; lastKnownFileType = sourcecode.swift; path = DiaryPhotoServiceTests.swift; sourceTree = "<group>"; };
/* End PBXFileReference section */

/* Begin PBXGroup section */
		15E4125BA307870612B1639D /* HottokeApp */ = {
			isa = PBXGroup;
			children = (
				8FA095993ECBA8DD1AB50DB1 /* App */,
				B1791874F6FC1762A1275743 /* Models */,
				C1202052B14154075D4DC637 /* Rendering */,
				32E4E79799FE058216F2334B /* Resources */,
				C2FD749825D3D47EB56DE19A /* Services */,
				42109D847158A191BF8C1DBD /* Views */,
			);
			path = HottokeApp;
			sourceTree = "<group>";
		};
		32E4E79799FE058216F2334B /* Resources */ = {
			isa = PBXGroup;
			children = (
				DCB3FDEDAA6B6156232BF1AB /* Info.plist */,
				9E737C6EC4BCDAEB14BC50A3 /* Assets.xcassets */,
			);
			path = Resources;
			sourceTree = "<group>";
		};
		42109D847158A191BF8C1DBD /* Views */ = {
			isa = PBXGroup;
			children = (
				03F6D6FBED744636BB014197 /* ReportView.swift */,
				D2045706773D4DB9ACD520A0 /* DailyRingView.swift */,
				5453617E3CDD4AF9A322CEFD /* ArchiveDayDetailView.swift */,
				06A297883B13424F98F0C96A /* CalendarArchiveView.swift */,
				EDC042EFAB3D4223CFCAAD78 /* ManualModeView.swift */,
				90AD8A2DAFB533C4C4C440EF /* RootTabView.swift */,
				74CE520F1F8CDE85DCBC7898 /* SettingsView.swift */,
				E3612CECAD3713242D5C513E /* TodayView.swift */,
				56BA9839DC55FDBA3CA974B9 /* EmojiPickerSheet.swift */,
				C8809A28480A03C58F385D92 /* DiaryPhotoStrip.swift */,
			);
			path = Views;
			sourceTree = "<group>";
		};
		8FA095993ECBA8DD1AB50DB1 /* App */ = {
			isa = PBXGroup;
			children = (
				25481EBBC1B9F25DC4AADDBA /* HottokeApp.swift */,
			);
			path = App;
			sourceTree = "<group>";
		};
		9F16B93D62D41B4EBB2FBD0B = {
			isa = PBXGroup;
			children = (
				15E4125BA307870612B1639D /* HottokeApp */,
				CBC2F7D239C5059FF39FBF19 /* HottokeAppTests */,
				CC730FA18BC14642DA925D85 /* Products */,
			);
			sourceTree = "<group>";
		};
		B1791874F6FC1762A1275743 /* Models */ = {
			isa = PBXGroup;
			children = (
				26444AE8BE93444A9DAD27F1 /* RingEpisode.swift */,
				90860A2AED334A0CBA88A3F5 /* RingArtStyle.swift */,
				64437B4E550840B8A4602756 /* PeriodReport.swift */,
				264249045E7B4D4E941EAAFC /* ProAccess.swift */,
				E0E1B0C6AD5B48ECB76ECC19 /* SleepEstimator.swift */,
				8018C9C258744094A63C9517 /* DailyRingLayout.swift */,
				DC00F62B21241D9A2A0306F1 /* ActivityKind.swift */,
				E1B4B672EBB17A9EE9C7A23F /* DailyActivityData.swift */,
				07D8FC6C203F5E542B3D7C10 /* KaleidoscopePalette.swift */,
				F104140FCD56ACEE96CBBF65 /* KaleidoscopeParameters.swift */,
				454E3E490F13B82A5BA26920 /* KaleidoscopeTimeline.swift */,
				C44D56317BE946A98D1C24D2 /* PatternStyle.swift */,
				75A9F5C9C868F92730497A1A /* TimeOfDay.swift */,
				079FC66CBD963238ED2F7A04 /* DiaryNote.swift */,
				2E69F29F6681EA291C517837 /* AutoDiarySettings.swift */,
				FD5A221DFF7EC86377DFDDB9 /* LocationDiary.swift */,
			);
			path = Models;
			sourceTree = "<group>";
		};
		C1202052B14154075D4DC637 /* Rendering */ = {
			isa = PBXGroup;
			children = (
				4AB2902AF1C74FC99618034F /* RingArtRenderer.swift */,
				2235952C6638454398CD9CE0 /* ReportRenderer.swift */,
				20D936DF7BC040498212BA24 /* DailyRingRenderer.swift */,
				58A98E674A301DE5E3DC44D4 /* GlassShard.swift */,
				58B9BCEED254167D155693B4 /* KaleidoscopeCanvasView.swift */,
				4A580E5307EC4A72B78FD1FA /* KaleidoscopeDynamics.swift */,
				E95B3AB0EFEC6B9A19E4AE5D /* KaleidoscopeRenderer.swift */,
				6CBA2BDC4AF819F6ED8BF142 /* KaleidoscopeShapeGenerator.swift */,
				1EF86689186C6913CF05B786 /* SeededGenerator.swift */,
			);
			path = Rendering;
			sourceTree = "<group>";
		};
		C2FD749825D3D47EB56DE19A /* Services */ = {
			isa = PBXGroup;
			children = (
				BFBF480B92DB438A8EF4C0D9 /* RingThumbnailStore.swift */,
				2CC25E0662274AEC898BDDF8 /* DailyHistoryStore.swift */,
				0DB0F57EF8D6CF642042DFE0 /* ActivityDataService.swift */,
				A90B92C3943443C39AABE417 /* ArchivePatternStore.swift */,
				9F9A4078225EBCF8BBD539A3 /* KaleidoscopeVideoExporter.swift */,
				F1A5938A07E80761EBF73C65 /* MotionInputService.swift */,
				588C2E0E9873223419F76C84 /* PhotoLibrarySaver.swift */,
				146C08485138A55C08971E68 /* TodayPatternStore.swift */,
				A0215C07E236D176F80E9E47 /* DiaryNoteStore.swift */,
				D510CF24B277F0F1A6C173C0 /* LocationVisitStore.swift */,
				A63BA9E534F7444DFE27623E /* LocationDiaryService.swift */,
				461ABF9D5FEB90812A47970C /* DiaryPhotoService.swift */,
			);
			path = Services;
			sourceTree = "<group>";
		};
		CBC2F7D239C5059FF39FBF19 /* HottokeAppTests */ = {
			isa = PBXGroup;
			children = (
				2C78E3F6A54243D08C60805E /* ProModeTests.swift */,
				92B755D1C99B45D9ABCC151A /* DailyHistoryTests.swift */,
				18BAF00AAECE4DDB9B2AEB22 /* SleepEstimatorTests.swift */,
				3EC0B3A2464A43FA8CF75F7E /* DailyRingLayoutTests.swift */,
				2AA99EE3DA73FAA7D360B3D5 /* KaleidoscopeLogicTests.swift */,
				5E2FA2F60F515D20A7A6145D /* ActivityDataServiceTests.swift */,
				E1B20C2EFC0BBA97E48BEDF3 /* DiaryNoteStoreTests.swift */,
				744E428AB79EADAAD0ED4D5F /* LocationDiaryTests.swift */,
				A8293CA407F7B7E70359FBB0 /* DiaryPhotoServiceTests.swift */,
			);
			path = HottokeAppTests;
			sourceTree = "<group>";
		};
		CC730FA18BC14642DA925D85 /* Products */ = {
			isa = PBXGroup;
			children = (
				17AF89D775FEE4E2BBD749D4 /* HottokeApp.app */,
				5729294C1B12BB9B8A0C43FC /* HottokeAppTests.xctest */,
			);
			name = Products;
			sourceTree = "<group>";
		};
/* End PBXGroup section */

/* Begin PBXNativeTarget section */
		BB31F244DD10EC354099FB2E /* HottokeAppTests */ = {
			isa = PBXNativeTarget;
			buildConfigurationList = FD70E9EE411EF168596D94AF /* Build configuration list for PBXNativeTarget "HottokeAppTests" */;
			buildPhases = (
				4761F18DAFFAC0CC6B1CAC8F /* Sources */,
			);
			buildRules = (
			);
			dependencies = (
				5FD86F3CC2EC9369DB8C8F51 /* PBXTargetDependency */,
			);
			name = HottokeAppTests;
			packageProductDependencies = (
			);
			productName = HottokeAppTests;
			productReference = 5729294C1B12BB9B8A0C43FC /* HottokeAppTests.xctest */;
			productType = "com.apple.product-type.bundle.unit-test";
		};
		BF5C8C4F34CB03F66E7A95B2 /* HottokeApp */ = {
			isa = PBXNativeTarget;
			buildConfigurationList = D786044F1ECF26693E18479C /* Build configuration list for PBXNativeTarget "HottokeApp" */;
			buildPhases = (
				CF96844155FD8A857A23CFC1 /* Sources */,
				2A0CB6D2DB025D739C00BBDC /* Resources */,
			);
			buildRules = (
			);
			dependencies = (
			);
			name = HottokeApp;
			packageProductDependencies = (
			);
			productName = HottokeApp;
			productReference = 17AF89D775FEE4E2BBD749D4 /* HottokeApp.app */;
			productType = "com.apple.product-type.application";
		};
/* End PBXNativeTarget section */

/* Begin PBXProject section */
		428C8E2B09E0AE00A226B35B /* Project object */ = {
			isa = PBXProject;
			attributes = {
				BuildIndependentTargetsInParallel = YES;
				LastUpgradeCheck = 1430;
				TargetAttributes = {
				};
			};
			buildConfigurationList = 89EB11C20C3FCE3BC5DED5E8 /* Build configuration list for PBXProject "HottokeApp" */;
			developmentRegion = en;
			hasScannedForEncodings = 0;
			knownRegions = (
				Base,
				en,
			);
			mainGroup = 9F16B93D62D41B4EBB2FBD0B;
			minimizedProjectReferenceProxies = 1;
			preferredProjectObjectVersion = 77;
			productRefGroup = CC730FA18BC14642DA925D85 /* Products */;
			projectDirPath = "";
			projectRoot = "";
			targets = (
				BF5C8C4F34CB03F66E7A95B2 /* HottokeApp */,
				BB31F244DD10EC354099FB2E /* HottokeAppTests */,
			);
		};
/* End PBXProject section */

/* Begin PBXResourcesBuildPhase section */
		2A0CB6D2DB025D739C00BBDC /* Resources */ = {
			isa = PBXResourcesBuildPhase;
			buildActionMask = 2147483647;
			files = (
				77C1BB5B2D6A117218D96AB8 /* Assets.xcassets in Resources */,
			);
			runOnlyForDeploymentPostprocessing = 0;
		};
/* End PBXResourcesBuildPhase section */

/* Begin PBXSourcesBuildPhase section */
		4761F18DAFFAC0CC6B1CAC8F /* Sources */ = {
			isa = PBXSourcesBuildPhase;
			buildActionMask = 2147483647;
			files = (
				E76B1FF65A93457087324088 /* ProModeTests.swift in Sources */,
				3B32EB050C644FA59E4B5245 /* DailyHistoryTests.swift in Sources */,
				7B8C8D855AD34E52A530C70E /* SleepEstimatorTests.swift in Sources */,
				A5CBE56FAA14403E9FA0D73C /* DailyRingLayoutTests.swift in Sources */,
				8057CEED4BDEE521B444BA03 /* KaleidoscopeLogicTests.swift in Sources */,
				CB5F1DD8ECA468EA8BDA02B1 /* ActivityDataServiceTests.swift in Sources */,
				8A06800F65610A38040BEF57 /* DiaryNoteStoreTests.swift in Sources */,
				5103F3D63E9A75ECBE3F17E7 /* LocationDiaryTests.swift in Sources */,
				87E328F3F7203B937890483F /* DiaryPhotoServiceTests.swift in Sources */,
			);
			runOnlyForDeploymentPostprocessing = 0;
		};
		CF96844155FD8A857A23CFC1 /* Sources */ = {
			isa = PBXSourcesBuildPhase;
			buildActionMask = 2147483647;
			files = (
				DF5DB3B3DE8342F28EA2030C /* RingArtRenderer.swift in Sources */,
				B7AB2CF948D742DFBBAD7F92 /* RingEpisode.swift in Sources */,
				1AE3E41B57E74DCBBAC9CD1F /* RingArtStyle.swift in Sources */,
				F7583A6B8C184698AE3A1DE7 /* ReportView.swift in Sources */,
				E8CCA3EEBF8447218D1A7E6F /* ReportRenderer.swift in Sources */,
				1BBBE5ED557842A0A0DEC89B /* PeriodReport.swift in Sources */,
				96FE52D1B7A14AC39CB96665 /* ProAccess.swift in Sources */,
				ED41E35342C54ACBB6DFE9C2 /* RingThumbnailStore.swift in Sources */,
				519630146B694AA584EABC75 /* DailyHistoryStore.swift in Sources */,
				B3FC32C490CE496DA98F4F4C /* SleepEstimator.swift in Sources */,
				4C91C7EB2C1147C0B5B6C32C /* DailyRingView.swift in Sources */,
				8C077A57AC634DC6804CE45C /* DailyRingRenderer.swift in Sources */,
				E694B2C1F0134AC5B192234D /* DailyRingLayout.swift in Sources */,
				6977DEAF0A5C68729336B5E7 /* ActivityDataService.swift in Sources */,
				EFEC64F14FDA0497CD9DDF59 /* ActivityKind.swift in Sources */,
				111C9AE217BF4BE4A2B4F84D /* ArchivePatternStore.swift in Sources */,
				08758125F5E84F299B2B3460 /* ArchiveDayDetailView.swift in Sources */,
				801EF1D1BE434AAB8EEA3681 /* CalendarArchiveView.swift in Sources */,
				143C487817303E843191F386 /* DailyActivityData.swift in Sources */,
				49B2D3F78A6C8654BECDDEBF /* GlassShard.swift in Sources */,
				15C9B8D250A22A253149B4F4 /* HottokeApp.swift in Sources */,
				EAACCC444A4B024DD349E524 /* KaleidoscopeCanvasView.swift in Sources */,
				203659F09B8187B067AC1C15 /* KaleidoscopePalette.swift in Sources */,
				034EE3673DAEB4711B5B07BA /* KaleidoscopeParameters.swift in Sources */,
				3B423E837F22410BA57CF705 /* KaleidoscopeDynamics.swift in Sources */,
				D314E9D4FF2970794518AB78 /* KaleidoscopeRenderer.swift in Sources */,
				1484809CF3DF25DF724EAD3C /* KaleidoscopeShapeGenerator.swift in Sources */,
				71818EDF9E18A51E20E94AF7 /* KaleidoscopeTimeline.swift in Sources */,
				0F58BE6220A48DC8C465532D /* KaleidoscopeVideoExporter.swift in Sources */,
				ECEAFB9434A38B13A0F0D7C2 /* ManualModeView.swift in Sources */,
				AB35FCBBBFAABF28D3FD2AA8 /* MotionInputService.swift in Sources */,
				EC832A9FB0DA49B49B741E99 /* PatternStyle.swift in Sources */,
				2925F86BF58B2824F09F87A5 /* PhotoLibrarySaver.swift in Sources */,
				34CDCEF65A478C5FF4220CAD /* RootTabView.swift in Sources */,
				0F8FD169264FD01FC874054B /* SeededGenerator.swift in Sources */,
				EBF98289185B82133A47DADE /* SettingsView.swift in Sources */,
				721D7FFA202324B9B8375C0B /* TimeOfDay.swift in Sources */,
				685338E60C8C99E257F76327 /* TodayPatternStore.swift in Sources */,
				AA811FF3672F31DE9D3C867A /* TodayView.swift in Sources */,
				9634CF6AD0FAA41F89E15387 /* DiaryNote.swift in Sources */,
				29B21896F713D6C8CC854342 /* DiaryNoteStore.swift in Sources */,
				ADD4A8222FB59CAC0D019FC2 /* EmojiPickerSheet.swift in Sources */,
				9AAF73C1FDF40EA63B99D7FE /* AutoDiarySettings.swift in Sources */,
				9043B4D50C44897B827D88F8 /* LocationDiary.swift in Sources */,
				2E9FD4581E7341A0390B0B60 /* LocationVisitStore.swift in Sources */,
				142EC51850CE333D6A49D861 /* LocationDiaryService.swift in Sources */,
				587E3CE1A42074543A00F04A /* DiaryPhotoService.swift in Sources */,
				F22116F492081AB9B939517D /* DiaryPhotoStrip.swift in Sources */,
			);
			runOnlyForDeploymentPostprocessing = 0;
		};
/* End PBXSourcesBuildPhase section */

/* Begin PBXTargetDependency section */
		5FD86F3CC2EC9369DB8C8F51 /* PBXTargetDependency */ = {
			isa = PBXTargetDependency;
			target = BF5C8C4F34CB03F66E7A95B2 /* HottokeApp */;
			targetProxy = A5E2F13C7DBF63B34FD33390 /* PBXContainerItemProxy */;
		};
/* End PBXTargetDependency section */

/* Begin XCBuildConfiguration section */
		27A2C0592EBEF39D10DD052A /* Debug */ = {
			isa = XCBuildConfiguration;
			buildSettings = {
				ASSETCATALOG_COMPILER_APPICON_NAME = AppIcon;
				CODE_SIGN_IDENTITY = "iPhone Developer";
				INFOPLIST_FILE = HottokeApp/Resources/Info.plist;
				IPHONEOS_DEPLOYMENT_TARGET = 17.0;
				LD_RUNPATH_SEARCH_PATHS = (
					"$(inherited)",
					"@executable_path/Frameworks",
				);
				PRODUCT_BUNDLE_IDENTIFIER = com.gakuazu.hottoke.app;
				PRODUCT_NAME = HottokeApp;
				SDKROOT = iphoneos;
				TARGETED_DEVICE_FAMILY = "1,2";
			};
			name = Debug;
		};
		31217DCDC195E055C2C5A106 /* Debug */ = {
			isa = XCBuildConfiguration;
			buildSettings = {
				BUNDLE_LOADER = "$(TEST_HOST)";
				GENERATE_INFOPLIST_FILE = YES;
				IPHONEOS_DEPLOYMENT_TARGET = 17.0;
				LD_RUNPATH_SEARCH_PATHS = (
					"$(inherited)",
					"@executable_path/Frameworks",
					"@loader_path/Frameworks",
				);
				PRODUCT_BUNDLE_IDENTIFIER = com.gakuazu.hottoke.apptests;
				SDKROOT = iphoneos;
				TARGETED_DEVICE_FAMILY = "1,2";
				TEST_HOST = "$(BUILT_PRODUCTS_DIR)/HottokeApp.app/HottokeApp";
			};
			name = Debug;
		};
		53A40398DEFC734C6BB254C6 /* Release */ = {
			isa = XCBuildConfiguration;
			buildSettings = {
				ASSETCATALOG_COMPILER_APPICON_NAME = AppIcon;
				CODE_SIGN_IDENTITY = "iPhone Developer";
				INFOPLIST_FILE = HottokeApp/Resources/Info.plist;
				IPHONEOS_DEPLOYMENT_TARGET = 17.0;
				LD_RUNPATH_SEARCH_PATHS = (
					"$(inherited)",
					"@executable_path/Frameworks",
				);
				PRODUCT_BUNDLE_IDENTIFIER = com.gakuazu.hottoke.app;
				PRODUCT_NAME = HottokeApp;
				SDKROOT = iphoneos;
				TARGETED_DEVICE_FAMILY = "1,2";
			};
			name = Release;
		};
		71D51B3FABA50FD750455606 /* Debug */ = {
			isa = XCBuildConfiguration;
			buildSettings = {
				ALWAYS_SEARCH_USER_PATHS = NO;
				CLANG_ANALYZER_NONNULL = YES;
				CLANG_ANALYZER_NUMBER_OBJECT_CONVERSION = YES_AGGRESSIVE;
				CLANG_CXX_LANGUAGE_STANDARD = "gnu++14";
				CLANG_CXX_LIBRARY = "libc++";
				CLANG_ENABLE_MODULES = YES;
				CLANG_ENABLE_OBJC_ARC = YES;
				CLANG_ENABLE_OBJC_WEAK = YES;
				CLANG_WARN_BLOCK_CAPTURE_AUTORELEASING = YES;
				CLANG_WARN_BOOL_CONVERSION = YES;
				CLANG_WARN_COMMA = YES;
				CLANG_WARN_CONSTANT_CONVERSION = YES;
				CLANG_WARN_DEPRECATED_OBJC_IMPLEMENTATIONS = YES;
				CLANG_WARN_DIRECT_OBJC_ISA_USAGE = YES_ERROR;
				CLANG_WARN_DOCUMENTATION_COMMENTS = YES;
				CLANG_WARN_EMPTY_BODY = YES;
				CLANG_WARN_ENUM_CONVERSION = YES;
				CLANG_WARN_INFINITE_RECURSION = YES;
				CLANG_WARN_INT_CONVERSION = YES;
				CLANG_WARN_NON_LITERAL_NULL_CONVERSION = YES;
				CLANG_WARN_OBJC_IMPLICIT_RETAIN_SELF = YES;
				CLANG_WARN_OBJC_LITERAL_CONVERSION = YES;
				CLANG_WARN_OBJC_ROOT_CLASS = YES_ERROR;
				CLANG_WARN_QUOTED_INCLUDE_IN_FRAMEWORK_HEADER = YES;
				CLANG_WARN_RANGE_LOOP_ANALYSIS = YES;
				CLANG_WARN_STRICT_PROTOTYPES = YES;
				CLANG_WARN_SUSPICIOUS_MOVE = YES;
				CLANG_WARN_UNGUARDED_AVAILABILITY = YES_AGGRESSIVE;
				CLANG_WARN_UNREACHABLE_CODE = YES;
				CLANG_WARN__DUPLICATE_METHOD_MATCH = YES;
				COPY_PHASE_STRIP = NO;
				DEBUG_INFORMATION_FORMAT = dwarf;
				ENABLE_STRICT_OBJC_MSGSEND = YES;
				ENABLE_TESTABILITY = YES;
				GCC_C_LANGUAGE_STANDARD = gnu11;
				GCC_DYNAMIC_NO_PIC = NO;
				GCC_NO_COMMON_BLOCKS = YES;
				GCC_OPTIMIZATION_LEVEL = 0;
				GCC_PREPROCESSOR_DEFINITIONS = (
					"$(inherited)",
					"DEBUG=1",
				);
				GCC_WARN_64_TO_32_BIT_CONVERSION = YES;
				GCC_WARN_ABOUT_RETURN_TYPE = YES_ERROR;
				GCC_WARN_UNDECLARED_SELECTOR = YES;
				GCC_WARN_UNINITIALIZED_AUTOS = YES_AGGRESSIVE;
				GCC_WARN_UNUSED_FUNCTION = YES;
				GCC_WARN_UNUSED_VARIABLE = YES;
				GENERATE_INFOPLIST_FILE = NO;
				IPHONEOS_DEPLOYMENT_TARGET = 17.0;
				MTL_ENABLE_DEBUG_INFO = INCLUDE_SOURCE;
				MTL_FAST_MATH = YES;
				ONLY_ACTIVE_ARCH = YES;
				PRODUCT_NAME = "$(TARGET_NAME)";
				SDKROOT = iphoneos;
				SWIFT_ACTIVE_COMPILATION_CONDITIONS = DEBUG;
				SWIFT_OPTIMIZATION_LEVEL = "-Onone";
				SWIFT_VERSION = 5.0;
				TARGETED_DEVICE_FAMILY = 1;
			};
			name = Debug;
		};
		CAC0D9C1DB67363D30BD694D /* Release */ = {
			isa = XCBuildConfiguration;
			buildSettings = {
				ALWAYS_SEARCH_USER_PATHS = NO;
				CLANG_ANALYZER_NONNULL = YES;
				CLANG_ANALYZER_NUMBER_OBJECT_CONVERSION = YES_AGGRESSIVE;
				CLANG_CXX_LANGUAGE_STANDARD = "gnu++14";
				CLANG_CXX_LIBRARY = "libc++";
				CLANG_ENABLE_MODULES = YES;
				CLANG_ENABLE_OBJC_ARC = YES;
				CLANG_ENABLE_OBJC_WEAK = YES;
				CLANG_WARN_BLOCK_CAPTURE_AUTORELEASING = YES;
				CLANG_WARN_BOOL_CONVERSION = YES;
				CLANG_WARN_COMMA = YES;
				CLANG_WARN_CONSTANT_CONVERSION = YES;
				CLANG_WARN_DEPRECATED_OBJC_IMPLEMENTATIONS = YES;
				CLANG_WARN_DIRECT_OBJC_ISA_USAGE = YES_ERROR;
				CLANG_WARN_DOCUMENTATION_COMMENTS = YES;
				CLANG_WARN_EMPTY_BODY = YES;
				CLANG_WARN_ENUM_CONVERSION = YES;
				CLANG_WARN_INFINITE_RECURSION = YES;
				CLANG_WARN_INT_CONVERSION = YES;
				CLANG_WARN_NON_LITERAL_NULL_CONVERSION = YES;
				CLANG_WARN_OBJC_IMPLICIT_RETAIN_SELF = YES;
				CLANG_WARN_OBJC_LITERAL_CONVERSION = YES;
				CLANG_WARN_OBJC_ROOT_CLASS = YES_ERROR;
				CLANG_WARN_QUOTED_INCLUDE_IN_FRAMEWORK_HEADER = YES;
				CLANG_WARN_RANGE_LOOP_ANALYSIS = YES;
				CLANG_WARN_STRICT_PROTOTYPES = YES;
				CLANG_WARN_SUSPICIOUS_MOVE = YES;
				CLANG_WARN_UNGUARDED_AVAILABILITY = YES_AGGRESSIVE;
				CLANG_WARN_UNREACHABLE_CODE = YES;
				CLANG_WARN__DUPLICATE_METHOD_MATCH = YES;
				COPY_PHASE_STRIP = NO;
				DEBUG_INFORMATION_FORMAT = "dwarf-with-dsym";
				ENABLE_NS_ASSERTIONS = NO;
				ENABLE_STRICT_OBJC_MSGSEND = YES;
				GCC_C_LANGUAGE_STANDARD = gnu11;
				GCC_NO_COMMON_BLOCKS = YES;
				GCC_WARN_64_TO_32_BIT_CONVERSION = YES;
				GCC_WARN_ABOUT_RETURN_TYPE = YES_ERROR;
				GCC_WARN_UNDECLARED_SELECTOR = YES;
				GCC_WARN_UNINITIALIZED_AUTOS = YES_AGGRESSIVE;
				GCC_WARN_UNUSED_FUNCTION = YES;
				GCC_WARN_UNUSED_VARIABLE = YES;
				GENERATE_INFOPLIST_FILE = NO;
				IPHONEOS_DEPLOYMENT_TARGET = 17.0;
				MTL_ENABLE_DEBUG_INFO = NO;
				MTL_FAST_MATH = YES;
				PRODUCT_NAME = "$(TARGET_NAME)";
				SDKROOT = iphoneos;
				SWIFT_COMPILATION_MODE = wholemodule;
				SWIFT_OPTIMIZATION_LEVEL = "-O";
				SWIFT_VERSION = 5.0;
				TARGETED_DEVICE_FAMILY = 1;
			};
			name = Release;
		};
		EA6B522BDC015BB5CD9EAFA6 /* Release */ = {
			isa = XCBuildConfiguration;
			buildSettings = {
				BUNDLE_LOADER = "$(TEST_HOST)";
				GENERATE_INFOPLIST_FILE = YES;
				IPHONEOS_DEPLOYMENT_TARGET = 17.0;
				LD_RUNPATH_SEARCH_PATHS = (
					"$(inherited)",
					"@executable_path/Frameworks",
					"@loader_path/Frameworks",
				);
				PRODUCT_BUNDLE_IDENTIFIER = com.gakuazu.hottoke.apptests;
				SDKROOT = iphoneos;
				TARGETED_DEVICE_FAMILY = "1,2";
				TEST_HOST = "$(BUILT_PRODUCTS_DIR)/HottokeApp.app/HottokeApp";
			};
			name = Release;
		};
/* End XCBuildConfiguration section */

/* Begin XCConfigurationList section */
		89EB11C20C3FCE3BC5DED5E8 /* Build configuration list for PBXProject "HottokeApp" */ = {
			isa = XCConfigurationList;
			buildConfigurations = (
				71D51B3FABA50FD750455606 /* Debug */,
				CAC0D9C1DB67363D30BD694D /* Release */,
			);
			defaultConfigurationIsVisible = 0;
			defaultConfigurationName = Debug;
		};
		D786044F1ECF26693E18479C /* Build configuration list for PBXNativeTarget "HottokeApp" */ = {
			isa = XCConfigurationList;
			buildConfigurations = (
				27A2C0592EBEF39D10DD052A /* Debug */,
				53A40398DEFC734C6BB254C6 /* Release */,
			);
			defaultConfigurationIsVisible = 0;
			defaultConfigurationName = Debug;
		};
		FD70E9EE411EF168596D94AF /* Build configuration list for PBXNativeTarget "HottokeAppTests" */ = {
			isa = XCConfigurationList;
			buildConfigurations = (
				31217DCDC195E055C2C5A106 /* Debug */,
				EA6B522BDC015BB5CD9EAFA6 /* Release */,
			);
			defaultConfigurationIsVisible = 0;
			defaultConfigurationName = Debug;
		};
/* End XCConfigurationList section */
	};
	rootObject = 428C8E2B09E0AE00A226B35B /* Project object */;
}
